
Microsoft Visual Studio Solution File, Format Version 12.00
# Visual Studio Version 17
VisualStudioVersion = 17.14.36127.28 d17.14
MinimumVisualStudioVersion = 10.0.40219.1
Project("{888888A0-9F3D-457C-B088-3A5042F75D52}") = "简易转换器", "简易转换器\简易转换器.pyproj", "{BE2C9A8C-180C-49CE-AED2-D3DB49154CA5}"
EndProject
Global
	GlobalSection(SolutionConfigurationPlatforms) = preSolution
		Debug|Any CPU = Debug|Any CPU
		Release|Any CPU = Release|Any CPU
	EndGlobalSection
	GlobalSection(ProjectConfigurationPlatforms) = postSolution
		{BE2C9A8C-180C-49CE-AED2-D3DB49154CA5}.Debug|Any CPU.ActiveCfg = Debug|Any CPU
		{BE2C9A8C-180C-49CE-AED2-D3DB49154CA5}.Release|Any CPU.ActiveCfg = Release|Any CPU
	EndGlobalSection
	GlobalSection(SolutionProperties) = preSolution
		HideSolutionNode = FALSE
	EndGlobalSection
	GlobalSection(ExtensibilityGlobals) = postSolution
		SolutionGuid = {F5D99C68-3C9D-43B2-860A-78D7CCFEB7C9}
	EndGlobalSection
EndGlobal
